
Microsoft Visual Studio Solution File, Format Version 12.00
# Visual Studio Version 17
VisualStudioVersion = 17.5.002.0
MinimumVisualStudioVersion = 10.0.40219.1
Project("{9A19103F-16F7-4668-BE54-9A1E7A4F7556}") = "polisen", "polisen.csproj", "{792B2473-2D54-4FED-ACAA-6D790E4A30F5}"
EndProject
Global
	GlobalSection(SolutionConfigurationPlatforms) = preSolution
		Debug|Any CPU = Debug|Any CPU
		Release|Any CPU = Release|Any CPU
	EndGlobalSection
	GlobalSection(ProjectConfigurationPlatforms) = postSolution
		{792B2473-2D54-4FED-ACAA-6D790E4A30F5}.Debug|Any CPU.ActiveCfg = Debug|Any CPU
		{792B2473-2D54-4FED-ACAA-6D790E4A30F5}.Debug|Any CPU.Build.0 = Debug|Any CPU
		{792B2473-2D54-4FED-ACAA-6D790E4A30F5}.Release|Any CPU.ActiveCfg = Release|Any CPU
		{792B2473-2D54-4FED-ACAA-6D790E4A30F5}.Release|Any CPU.Build.0 = Release|Any CPU
	EndGlobalSection
	GlobalSection(SolutionProperties) = preSolution
		HideSolutionNode = FALSE
	EndGlobalSection
	GlobalSection(ExtensibilityGlobals) = postSolution
		SolutionGuid = {2F0B3F7B-84BF-4E68-B93F-6749464A9EC6}
	EndGlobalSection
EndGlobal
